
Microsoft Visual Studio Solution File, Format Version 12.00
# Visual Studio Version 17
VisualStudioVersion = 17.9.34728.123
MinimumVisualStudioVersion = 10.0.40219.1
Project("{FAE04EC0-301F-11D3-BF4B-00C04F79EFBC}") = "presiyan_marinov_11d", "presiyan_marinov_11d.csproj", "{A85C1DDD-86B4-4C79-852A-F8219BF087AB}"
EndProject
Global
	GlobalSection(SolutionConfigurationPlatforms) = preSolution
		Debug|Any CPU = Debug|Any CPU
		Release|Any CPU = Release|Any CPU
	EndGlobalSection
	GlobalSection(ProjectConfigurationPlatforms) = postSolution
		{A85C1DDD-86B4-4C79-852A-F8219BF087AB}.Debug|Any CPU.ActiveCfg = Debug|Any CPU
		{A85C1DDD-86B4-4C79-852A-F8219BF087AB}.Debug|Any CPU.Build.0 = Debug|Any CPU
		{A85C1DDD-86B4-4C79-852A-F8219BF087AB}.Release|Any CPU.ActiveCfg = Release|Any CPU
		{A85C1DDD-86B4-4C79-852A-F8219BF087AB}.Release|Any CPU.Build.0 = Release|Any CPU
	EndGlobalSection
	GlobalSection(SolutionProperties) = preSolution
		HideSolutionNode = FALSE
	EndGlobalSection
	GlobalSection(ExtensibilityGlobals) = postSolution
		SolutionGuid = {6E074EF3-2D5E-4B2B-8858-2A228E444C92}
	EndGlobalSection
EndGlobal
